
Microsoft Visual Studio Solution File, Format Version 12.00
# Visual Studio Version 16
VisualStudioVersion = 16.0.31624.102
MinimumVisualStudioVersion = 10.0.40219.1
Project("{FAE04EC0-301F-11D3-BF4B-00C04F79EFBC}") = "Черновик", "Черновик\Черновик.csproj", "{04FAFA72-1673-4F7C-9AA4-E2B87974C4BB}"
EndProject
Global
	GlobalSection(SolutionConfigurationPlatforms) = preSolution
		Debug|Any CPU = Debug|Any CPU
		Release|Any CPU = Release|Any CPU
	EndGlobalSection
	GlobalSection(ProjectConfigurationPlatforms) = postSolution
		{04FAFA72-1673-4F7C-9AA4-E2B87974C4BB}.Debug|Any CPU.ActiveCfg = Debug|Any CPU
		{04FAFA72-1673-4F7C-9AA4-E2B87974C4BB}.Debug|Any CPU.Build.0 = Debug|Any CPU
		{04FAFA72-1673-4F7C-9AA4-E2B87974C4BB}.Release|Any CPU.ActiveCfg = Release|Any CPU
		{04FAFA72-1673-4F7C-9AA4-E2B87974C4BB}.Release|Any CPU.Build.0 = Release|Any CPU
	EndGlobalSection
	GlobalSection(SolutionProperties) = preSolution
		HideSolutionNode = FALSE
	EndGlobalSection
	GlobalSection(ExtensibilityGlobals) = postSolution
		SolutionGuid = {A9B19B95-0EF9-4701-A976-22833C88509D}
	EndGlobalSection
EndGlobal
